
Microsoft Visual Studio Solution File, Format Version 12.00
# Visual Studio Version 17
VisualStudioVersion = 17.4.33403.182
MinimumVisualStudioVersion = 10.0.40219.1
Project("{FAE04EC0-301F-11D3-BF4B-00C04F79EFBC}") = "Crud.API", "Crud.API.csproj", "{B0D243BF-AC7E-4308-99C8-BC142E1536B8}"
EndProject
Global
	GlobalSection(SolutionConfigurationPlatforms) = preSolution
		Debug|Any CPU = Debug|Any CPU
		Release|Any CPU = Release|Any CPU
	EndGlobalSection
	GlobalSection(ProjectConfigurationPlatforms) = postSolution
		{B0D243BF-AC7E-4308-99C8-BC142E1536B8}.Debug|Any CPU.ActiveCfg = Debug|Any CPU
		{B0D243BF-AC7E-4308-99C8-BC142E1536B8}.Debug|Any CPU.Build.0 = Debug|Any CPU
		{B0D243BF-AC7E-4308-99C8-BC142E1536B8}.Release|Any CPU.ActiveCfg = Release|Any CPU
		{B0D243BF-AC7E-4308-99C8-BC142E1536B8}.Release|Any CPU.Build.0 = Release|Any CPU
	EndGlobalSection
	GlobalSection(SolutionProperties) = preSolution
		HideSolutionNode = FALSE
	EndGlobalSection
	GlobalSection(ExtensibilityGlobals) = postSolution
		SolutionGuid = {F20BD2CA-91FE-4CA1-BEF9-AB498B4B92D5}
	EndGlobalSection
EndGlobal
